# This file was autogenerated by Stack.
# You should not edit this file by hand.
# For more information, please see the documentation at:
#   https://docs.haskellstack.org/en/stable/lock_files

packages:
- completed:
    hackage: GPipe-GLFW-1.4.1.4@sha256:66e56b598856a016129ed05dff056bdf589815eac27ff06355cf7a71e98c19de,1999
    pantry-tree:
      size: 1018
      sha256: c10567ca08c21780fcf009aac73318f8770f99790c502a9fe68a748b934c157f
  original:
    hackage: GPipe-GLFW-1.4.1.4@sha256:66e56b598856a016129ed05dff056bdf589815eac27ff06355cf7a71e98c19de,1999
- completed:
    hackage: GLFW-b-3.3.0.0@sha256:73ce15e4b82a3a9aea5ab38ae823f5313777eea5a9c3b29caf262f3495c5a1f2,2427
    pantry-tree:
      size: 482
      sha256: 1f4ccbfb930578e4d60768d21b58eab393ce9b5f4da2c2e41285fcb22c06ee28
  original:
    hackage: GLFW-b-3.3.0.0@sha256:73ce15e4b82a3a9aea5ab38ae823f5313777eea5a9c3b29caf262f3495c5a1f2,2427
- completed:
    hackage: array-0.5.4.0@sha256:2b2425e01d592c0e66594c008405ea4c6f6e4d929daeddabbd81be9bb49ebffa,1588
    pantry-tree:
      size: 1135
      sha256: e17dfafde2f226674cffd56b1f445c332b6e5855860f79dedd9de0b6916e7ff0
  original:
    hackage: array-0.5.4.0@sha256:2b2425e01d592c0e66594c008405ea4c6f6e4d929daeddabbd81be9bb49ebffa,1588
- completed:
    hackage: bindings-GLFW-3.3.2.0@sha256:e286d28248619f968c3f5ccd3fc3578c7ff4cc0372ca54635f3adce9b1d09b3a,6301
    pantry-tree:
      size: 4543
      sha256: ea185a420f9a836199231ed437739b3a04655247ea7f08f2626cf9a3d8fa828c
  original:
    hackage: bindings-GLFW-3.3.2.0@sha256:e286d28248619f968c3f5ccd3fc3578c7ff4cc0372ca54635f3adce9b1d09b3a,6301
- completed:
    hackage: Win32-2.6.2.0@sha256:515518df0728294c99822c65b04be10a242933f40240b125c23469f45c8b11da,4227
    pantry-tree:
      size: 5866
      sha256: af519e1466e346dfac99d715cfdaa12c3275e4bdcd502f26e5f0e254935e0405
  original:
    hackage: Win32-2.6.2.0@sha256:515518df0728294c99822c65b04be10a242933f40240b125c23469f45c8b11da,4227
- completed:
    hackage: binary-0.8.8.0@sha256:e9387a7ef2b34c6a23b09664c306e37cc01ae2cb4e4511a1c96ffb14008c24b0,6262
    pantry-tree:
      size: 1976
      sha256: 271cd1e75af293fc25a489d860f094dc635a4ed8b56aa5b343c58f4637736ca3
  original:
    hackage: binary-0.8.8.0@sha256:e9387a7ef2b34c6a23b09664c306e37cc01ae2cb4e4511a1c96ffb14008c24b0,6262
- completed:
    hackage: bytestring-0.10.12.1@sha256:98c6cebb508feea973fc5f8a00ac45a17383eff61ba31404a5344ba5504d1ee1,6088
    pantry-tree:
      size: 2140
      sha256: c77f3b89656905f680420f7f6f7b480b72428e13271856792d6305e58563e16b
  original:
    hackage: bytestring-0.10.12.1@sha256:98c6cebb508feea973fc5f8a00ac45a17383eff61ba31404a5344ba5504d1ee1,6088
- completed:
    hackage: containers-0.5.11.0@sha256:28ad7337057442f75bc689315ab4ec7bdf5e6b2c39668f306672cecd82c02798,16685
    pantry-tree:
      size: 4849
      sha256: faa4e75922a28f7cfe9920c1d7ab3866b792cefcd29bf79f54cfe3b6b5f57cbf
  original:
    hackage: containers-0.5.11.0@sha256:28ad7337057442f75bc689315ab4ec7bdf5e6b2c39668f306672cecd82c02798,16685
- completed:
    hackage: deepseq-1.4.5.0@sha256:5238d30981b821596bc41f9f177352328f003b49c31d35ea7daab55f8a8efade,2961
    pantry-tree:
      size: 385
      sha256: 2346d92e2edd40dae49bac757b7e3f20eb3c75039a5334f2eb5c380784ad20a7
  original:
    hackage: deepseq-1.4.5.0@sha256:5238d30981b821596bc41f9f177352328f003b49c31d35ea7daab55f8a8efade,2961
- completed:
    hackage: directory-1.3.6.2@sha256:6e5f3e0adfe94483d5754d97d741b7d23a5e085d47176075b1955d4fa78f37aa,2811
    pantry-tree:
      size: 3433
      sha256: d57f8cdec2b2ab0a2b9dbf36074c0430a6f1bb5063289b61c1bc682cdf3f17e2
  original:
    hackage: directory-1.3.6.2@sha256:6e5f3e0adfe94483d5754d97d741b7d23a5e085d47176075b1955d4fa78f37aa,2811
- completed:
    hackage: pretty-1.1.3.6@sha256:e16ffc733e816cfc09e99cc7f2398805f1f4c872d238a6b81668b5527284b382,2482
    pantry-tree:
      size: 1308
      sha256: 9f62289797600d7121862309c306a3b495f872dccfe3d5c4bdeaf85d5ad12dd7
  original:
    hackage: pretty-1.1.3.6@sha256:e16ffc733e816cfc09e99cc7f2398805f1f4c872d238a6b81668b5527284b382,2482
- completed:
    hackage: process-1.6.11.0@sha256:d69428130705782d1b61ec8eab2f1d899fd5722ed804c44e104d798dce43e9fb,2819
    pantry-tree:
      size: 1283
      sha256: b3484e4c0463c4943f95aa5f5ea87582e4a2916cc5a2da253ec710ccbcf777b4
  original:
    hackage: process-1.6.11.0@sha256:d69428130705782d1b61ec8eab2f1d899fd5722ed804c44e104d798dce43e9fb,2819
- completed:
    hackage: time-1.8.0.4@sha256:3f6eddf238b828eb4f82683acce1c3afe64784f0d20114239b738c123316c85c,5494
    pantry-tree:
      size: 5406
      sha256: 1a186b21ff55d3e8f7d66ed2075bbce4dcc9ccaeef87665aa88752412f14073f
  original:
    hackage: time-1.8.0.4@sha256:3f6eddf238b828eb4f82683acce1c3afe64784f0d20114239b738c123316c85c,5494
snapshots:
- completed:
    size: 527836
    url: https://raw.githubusercontent.com/commercialhaskell/stackage-snapshots/master/lts/11/22.yaml
    sha256: 341870ac98d8a9f8f77c4adf2e9e0b22063e264a7fbeb4c85b7af5f380dac60e
  original:
    url: https://raw.githubusercontent.com/commercialhaskell/stackage-snapshots/master/lts/11/22.yaml
